
Microsoft Visual Studio Solution File, Format Version 12.00
# Visual Studio Version 17
VisualStudioVersion = 17.0.32126.317
MinimumVisualStudioVersion = 10.0.40219.1
Project("{FAE04EC0-301F-11D3-BF4B-00C04F79EFBC}") = "PigeonMail", "PigeonMail\PigeonMail.csproj", "{CFC9155A-EA4B-41B8-91EA-E51EA6EC83AB}"
EndProject
Global
	GlobalSection(SolutionConfigurationPlatforms) = preSolution
		Debug|Any CPU = Debug|Any CPU
		Release|Any CPU = Release|Any CPU
	EndGlobalSection
	GlobalSection(ProjectConfigurationPlatforms) = postSolution
		{CFC9155A-EA4B-41B8-91EA-E51EA6EC83AB}.Debug|Any CPU.ActiveCfg = Debug|Any CPU
		{CFC9155A-EA4B-41B8-91EA-E51EA6EC83AB}.Debug|Any CPU.Build.0 = Debug|Any CPU
		{CFC9155A-EA4B-41B8-91EA-E51EA6EC83AB}.Release|Any CPU.ActiveCfg = Release|Any CPU
		{CFC9155A-EA4B-41B8-91EA-E51EA6EC83AB}.Release|Any CPU.Build.0 = Release|Any CPU
	EndGlobalSection
	GlobalSection(SolutionProperties) = preSolution
		HideSolutionNode = FALSE
	EndGlobalSection
	GlobalSection(ExtensibilityGlobals) = postSolution
		SolutionGuid = {0ECC10D3-32FB-4989-AC2E-7C7201E9BF00}
	EndGlobalSection
EndGlobal
